Microsoft Visual Studio Solution File, Format Version 12.00
# Visual Studio Version 18
VisualStudioVersion = 18.0.00000.0
MinimumVisualStudioVersion = 10.0.40219.1
Project("{FAE04EC0-301F-11D3-BF4B-00C04F79EFBC}") = "ConquerRsaTool.Core", "src\ConquerRsaTool.Core\ConquerRsaTool.Core.csproj", "{B1A6A0E9-A1A7-445B-A6FB-72E9F72E66AB}"
EndProject
Project("{FAE04EC0-301F-11D3-BF4B-00C04F79EFBC}") = "ConquerRsaTool.Wpf", "src\ConquerRsaTool.Wpf\ConquerRsaTool.Wpf.csproj", "{8D317F62-E458-44F1-A2DC-13070315D698}"
EndProject
Global
	GlobalSection(SolutionConfigurationPlatforms) = preSolution
		Debug|Any CPU = Debug|Any CPU
		Release|Any CPU = Release|Any CPU
	EndGlobalSection
	GlobalSection(ProjectConfigurationPlatforms) = postSolution
		{B1A6A0E9-A1A7-445B-A6FB-72E9F72E66AB}.Debug|Any CPU.ActiveCfg = Debug|Any CPU
		{B1A6A0E9-A1A7-445B-A6FB-72E9F72E66AB}.Debug|Any CPU.Build.0 = Debug|Any CPU
		{B1A6A0E9-A1A7-445B-A6FB-72E9F72E66AB}.Release|Any CPU.ActiveCfg = Release|Any CPU
		{B1A6A0E9-A1A7-445B-A6FB-72E9F72E66AB}.Release|Any CPU.Build.0 = Release|Any CPU
		{8D317F62-E458-44F1-A2DC-13070315D698}.Debug|Any CPU.ActiveCfg = Debug|Any CPU
		{8D317F62-E458-44F1-A2DC-13070315D698}.Debug|Any CPU.Build.0 = Debug|Any CPU
		{8D317F62-E458-44F1-A2DC-13070315D698}.Release|Any CPU.ActiveCfg = Release|Any CPU
		{8D317F62-E458-44F1-A2DC-13070315D698}.Release|Any CPU.Build.0 = Release|Any CPU
	EndGlobalSection
EndGlobal
